// !$*UTF8*$!
{
	archiveVersion = 1;
	classes = {
	};
	objectVersion = 55;
	objects = {

/* Begin PBXBuildFile section */
		F711938A2890C5EF00BC1DAA /* AppDelegate.swift in Sources */ = {isa = PBXBuildFile; fileRef = F71193892890C5EF00BC1DAA /* AppDelegate.swift */; };
		F711938C2890C5EF00BC1DAA /* SceneDelegate.swift in Sources */ = {isa = PBXBuildFile; fileRef = F711938B2890C5EF00BC1DAA /* SceneDelegate.swift */; };
		F711938E2890C5EF00BC1DAA /* ViewController.swift in Sources */ = {isa = PBXBuildFile; fileRef = F711938D2890C5EF00BC1DAA /* ViewController.swift */; };
		F71193912890C5EF00BC1DAA /* Main.storyboard in Resources */ = {isa = PBXBuildFile; fileRef = F711938F2890C5EF00BC1DAA /* Main.storyboard */; };
		F71193932890C5F000BC1DAA /* Assets.xcassets in Resources */ = {isa = PBXBuildFile; fileRef = F71193922890C5F000BC1DAA /* Assets.xcassets */; };
		F71193962890C5F000BC1DAA /* LaunchScreen.storyboard in Resources */ = {isa = PBXBuildFile; fileRef = F71193942890C5F000BC1DAA /* LaunchScreen.storyboard */; };
		F711939E28910ECE00BC1DAA /* Extensions.swift in Sources */ = {isa = PBXBuildFile; fileRef = F711939D28910ECE00BC1DAA /* Extensions.swift */; };
		F711BF29289238C300C3E0E8 /* MenuController.swift in Sources */ = {isa = PBXBuildFile; fileRef = F711BF28289238C300C3E0E8 /* MenuController.swift */; };
		F760AF6B289C6EA2007ABE11 /* UserInterface.swift in Sources */ = {isa = PBXBuildFile; fileRef = F760AF6A289C6EA2007ABE11 /* UserInterface.swift */; };
		F760AF6D289C7CE8007ABE11 /* Properties.swift in Sources */ = {isa = PBXBuildFile; fileRef = F760AF6C289C7CE8007ABE11 /* Properties.swift */; };
		F774F5B9289D09C7006D5AF5 /* ParticleScene.swift in Sources */ = {isa = PBXBuildFile; fileRef = F774F5B8289D09C7006D5AF5 /* ParticleScene.swift */; };
		F774F5BB289D0C14006D5AF5 /* spark.sks in Resources */ = {isa = PBXBuildFile; fileRef = F774F5BA289D0C14006D5AF5 /* spark.sks */; };
		F781AD7828931921002993E7 /* AudioFX.swift in Sources */ = {isa = PBXBuildFile; fileRef = F781AD7728931921002993E7 /* AudioFX.swift */; };
		F781AD7E28931C40002993E7 /* gameOver.wav in Resources */ = {isa = PBXBuildFile; fileRef = F781AD7928931C40002993E7 /* gameOver.wav */; };
		F781AD7F28931C40002993E7 /* victory.wav in Resources */ = {isa = PBXBuildFile; fileRef = F781AD7A28931C40002993E7 /* victory.wav */; };
		F781AD8028931C40002993E7 /* match.wav in Resources */ = {isa = PBXBuildFile; fileRef = F781AD7B28931C40002993E7 /* match.wav */; };
		F781AD8128931C40002993E7 /* creepy.mp3 in Resources */ = {isa = PBXBuildFile; fileRef = F781AD7C28931C40002993E7 /* creepy.mp3 */; };
		F781AD8528931CC5002993E7 /* flip1.wav in Resources */ = {isa = PBXBuildFile; fileRef = F781AD8428931CC5002993E7 /* flip1.wav */; };
		F781AD8728934D67002993E7 /* flip2.wav in Resources */ = {isa = PBXBuildFile; fileRef = F781AD8628934D67002993E7 /* flip2.wav */; };
		F781AD8A28934FBA002993E7 /* matchIgnite.wav in Resources */ = {isa = PBXBuildFile; fileRef = F781AD8928934FBA002993E7 /* matchIgnite.wav */; };
		F781AD8C28935088002993E7 /* buttonPress.wav in Resources */ = {isa = PBXBuildFile; fileRef = F781AD8B28935088002993E7 /* buttonPress.wav */; };
		F781AD8E2893508E002993E7 /* tinyButtonPress.wav in Resources */ = {isa = PBXBuildFile; fileRef = F781AD8D2893508E002993E7 /* tinyButtonPress.wav */; };
		F79BF3C7289F1EDC00A8C51F /* Keys.swift in Sources */ = {isa = PBXBuildFile; fileRef = F79BF3C6289F1EDC00A8C51F /* Keys.swift */; };
		F7E5352A289F6AE10019B770 /* MenuInterface.swift in Sources */ = {isa = PBXBuildFile; fileRef = F7E53529289F6AE10019B770 /* MenuInterface.swift */; };
		F7EDF98328A634D2009CA17B /* HapticsManager.swift in Sources */ = {isa = PBXBuildFile; fileRef = F7EDF98228A634D2009CA17B /* HapticsManager.swift */; };
		F7EDF98828A636D2009CA17B /* Snowfall.mp3 in Resources */ = {isa = PBXBuildFile; fileRef = F7EDF98628A636D2009CA17B /* Snowfall.mp3 */; };
		F7EDF98928A636D2009CA17B /* Ceremonial.mp3 in Resources */ = {isa = PBXBuildFile; fileRef = F7EDF98728A636D2009CA17B /* Ceremonial.mp3 */; };
/* End PBXBuildFile section */

/* Begin PBXFileReference section */
		F71193862890C5EF00BC1DAA /* CardMatchingGame.app */ = {isa = PBXFileReference; explicitFileType = wrapper.application; includeInIndex = 0; path = CardMatchingGame.app; sourceTree = BUILT_PRODUCTS_DIR; };
		F71193892890C5EF00BC1DAA /* AppDelegate.swift */ = {isa = PBXFileReference; lastKnownFileType = sourcecode.swift; path = AppDelegate.swift; sourceTree = "<group>"; };
		F711938B2890C5EF00BC1DAA /* SceneDelegate.swift */ = {isa = PBXFileReference; lastKnownFileType = sourcecode.swift; path = SceneDelegate.swift; sourceTree = "<group>"; };
		F711938D2890C5EF00BC1DAA /* ViewController.swift */ = {isa = PBXFileReference; lastKnownFileType = sourcecode.swift; path = ViewController.swift; sourceTree = "<group>"; };
		F71193902890C5EF00BC1DAA /* Base */ = {isa = PBXFileReference; lastKnownFileType = file.storyboard; name = Base; path = Base.lproj/Main.storyboard; sourceTree = "<group>"; };
		F71193922890C5F000BC1DAA /* Assets.xcassets */ = {isa = PBXFileReference; lastKnownFileType = folder.assetcatalog; path = Assets.xcassets; sourceTree = "<group>"; };
		F71193952890C5F000BC1DAA /* Base */ = {isa = PBXFileReference; lastKnownFileType = file.storyboard; name = Base; path = Base.lproj/LaunchScreen.storyboard; sourceTree = "<group>"; };
		F71193972890C5F000BC1DAA /* Info.plist */ = {isa = PBXFileReference; lastKnownFileType = text.plist.xml; path = Info.plist; sourceTree = "<group>"; };
		F711939D28910ECE00BC1DAA /* Extensions.swift */ = {isa = PBXFileReference; lastKnownFileType = sourcecode.swift; path = Extensions.swift; sourceTree = "<group>"; };
		F711BF28289238C300C3E0E8 /* MenuController.swift */ = {isa = PBXFileReference; lastKnownFileType = sourcecode.swift; path = MenuController.swift; sourceTree = "<group>"; };
		F760AF6A289C6EA2007ABE11 /* UserInterface.swift */ = {isa = PBXFileReference; lastKnownFileType = sourcecode.swift; path = UserInterface.swift; sourceTree = "<group>"; };
		F760AF6C289C7CE8007ABE11 /* Properties.swift */ = {isa = PBXFileReference; lastKnownFileType = sourcecode.swift; path = Properties.swift; sourceTree = "<group>"; };
		F774F5B8289D09C7006D5AF5 /* ParticleScene.swift */ = {isa = PBXFileReference; lastKnownFileType = sourcecode.swift; path = ParticleScene.swift; sourceTree = "<group>"; };
		F774F5BA289D0C14006D5AF5 /* spark.sks */ = {isa = PBXFileReference; lastKnownFileType = file.sks; path = spark.sks; sourceTree = "<group>"; };
		F781AD7728931921002993E7 /* AudioFX.swift */ = {isa = PBXFileReference; lastKnownFileType = sourcecode.swift; path = AudioFX.swift; sourceTree = "<group>"; };
		F781AD7928931C40002993E7 /* gameOver.wav */ = {isa = PBXFileReference; lastKnownFileType = audio.wav; path = gameOver.wav; sourceTree = "<group>"; };
		F781AD7A28931C40002993E7 /* victory.wav */ = {isa = PBXFileReference; lastKnownFileType = audio.wav; path = victory.wav; sourceTree = "<group>"; };
		F781AD7B28931C40002993E7 /* match.wav */ = {isa = PBXFileReference; lastKnownFileType = audio.wav; path = match.wav; sourceTree = "<group>"; };
		F781AD7C28931C40002993E7 /* creepy.mp3 */ = {isa = PBXFileReference; lastKnownFileType = audio.mp3; path = creepy.mp3; sourceTree = "<group>"; };
		F781AD8428931CC5002993E7 /* flip1.wav */ = {isa = PBXFileReference; lastKnownFileType = audio.wav; path = flip1.wav; sourceTree = "<group>"; };
		F781AD8628934D67002993E7 /* flip2.wav */ = {isa = PBXFileReference; lastKnownFileType = audio.wav; path = flip2.wav; sourceTree = "<group>"; };
		F781AD8828934D72002993E7 /* flop.ogg */ = {isa = PBXFileReference; lastKnownFileType = file; path = flop.ogg; sourceTree = "<group>"; };
		F781AD8928934FBA002993E7 /* matchIgnite.wav */ = {isa = PBXFileReference; lastKnownFileType = audio.wav; path = matchIgnite.wav; sourceTree = "<group>"; };
		F781AD8B28935088002993E7 /* buttonPress.wav */ = {isa = PBXFileReference; lastKnownFileType = audio.wav; path = buttonPress.wav; sourceTree = "<group>"; };
		F781AD8D2893508E002993E7 /* tinyButtonPress.wav */ = {isa = PBXFileReference; lastKnownFileType = audio.wav; path = tinyButtonPress.wav; sourceTree = "<group>"; };
		F79BF3C6289F1EDC00A8C51F /* Keys.swift */ = {isa = PBXFileReference; lastKnownFileType = sourcecode.swift; path = Keys.swift; sourceTree = "<group>"; };
		F7E53529289F6AE10019B770 /* MenuInterface.swift */ = {isa = PBXFileReference; lastKnownFileType = sourcecode.swift; path = MenuInterface.swift; sourceTree = "<group>"; };
		F7EDF98228A634D2009CA17B /* HapticsManager.swift */ = {isa = PBXFileReference; lastKnownFileType = sourcecode.swift; path = HapticsManager.swift; sourceTree = "<group>"; };
		F7EDF98628A636D2009CA17B /* Snowfall.mp3 */ = {isa = PBXFileReference; lastKnownFileType = audio.mp3; path = Snowfall.mp3; sourceTree = "<group>"; };
		F7EDF98728A636D2009CA17B /* Ceremonial.mp3 */ = {isa = PBXFileReference; lastKnownFileType = audio.mp3; path = Ceremonial.mp3; sourceTree = "<group>"; };
/* End PBXFileReference section */

/* Begin PBXFrameworksBuildPhase section */
		F71193832890C5EF00BC1DAA /* Frameworks */ = {
			isa = PBXFrameworksBuildPhase;
			buildActionMask = 2147483647;
			files = (
			);
			runOnlyForDeploymentPostprocessing = 0;
		};
/* End PBXFrameworksBuildPhase section */

/* Begin PBXGroup section */
		F711937D2890C5EF00BC1DAA = {
			isa = PBXGroup;
			children = (
				F71193882890C5EF00BC1DAA /* CardMatchingGame */,
				F71193872890C5EF00BC1DAA /* Products */,
			);
			sourceTree = "<group>";
		};
		F71193872890C5EF00BC1DAA /* Products */ = {
			isa = PBXGroup;
			children = (
				F71193862890C5EF00BC1DAA /* CardMatchingGame.app */,
			);
			name = Products;
			sourceTree = "<group>";
		};
		F71193882890C5EF00BC1DAA /* CardMatchingGame */ = {
			isa = PBXGroup;
			children = (
				F71193892890C5EF00BC1DAA /* AppDelegate.swift */,
				F711938B2890C5EF00BC1DAA /* SceneDelegate.swift */,
				F7815855289CBA8F0016A41D /* Model */,
				F7815854289CBA850016A41D /* View */,
				F7815853289CBA7C0016A41D /* Controller */,
				F781AD8328931C4F002993E7 /* AudioFX */,
				F711938F2890C5EF00BC1DAA /* Main.storyboard */,
				F71193942890C5F000BC1DAA /* LaunchScreen.storyboard */,
				F71193922890C5F000BC1DAA /* Assets.xcassets */,
				F774F5BA289D0C14006D5AF5 /* spark.sks */,
				F71193972890C5F000BC1DAA /* Info.plist */,
			);
			path = CardMatchingGame;
			sourceTree = "<group>";
		};
		F7815853289CBA7C0016A41D /* Controller */ = {
			isa = PBXGroup;
			children = (
				F711938D2890C5EF00BC1DAA /* ViewController.swift */,
				F711BF28289238C300C3E0E8 /* MenuController.swift */,
			);
			path = Controller;
			sourceTree = "<group>";
		};
		F7815854289CBA850016A41D /* View */ = {
			isa = PBXGroup;
			children = (
				F760AF6A289C6EA2007ABE11 /* UserInterface.swift */,
				F7E53529289F6AE10019B770 /* MenuInterface.swift */,
			);
			path = View;
			sourceTree = "<group>";
		};
		F7815855289CBA8F0016A41D /* Model */ = {
			isa = PBXGroup;
			children = (
				F760AF6C289C7CE8007ABE11 /* Properties.swift */,
				F774F5B8289D09C7006D5AF5 /* ParticleScene.swift */,
				F781AD7728931921002993E7 /* AudioFX.swift */,
				F711939D28910ECE00BC1DAA /* Extensions.swift */,
				F79BF3C6289F1EDC00A8C51F /* Keys.swift */,
				F7EDF98228A634D2009CA17B /* HapticsManager.swift */,
			);
			path = Model;
			sourceTree = "<group>";
		};
		F781AD8328931C4F002993E7 /* AudioFX */ = {
			isa = PBXGroup;
			children = (
				F7EDF98728A636D2009CA17B /* Ceremonial.mp3 */,
				F7EDF98628A636D2009CA17B /* Snowfall.mp3 */,
				F781AD7C28931C40002993E7 /* creepy.mp3 */,
				F781AD8428931CC5002993E7 /* flip1.wav */,
				F781AD8628934D67002993E7 /* flip2.wav */,
				F781AD8828934D72002993E7 /* flop.ogg */,
				F781AD7928931C40002993E7 /* gameOver.wav */,
				F781AD7B28931C40002993E7 /* match.wav */,
				F781AD7A28931C40002993E7 /* victory.wav */,
				F781AD8928934FBA002993E7 /* matchIgnite.wav */,
				F781AD8B28935088002993E7 /* buttonPress.wav */,
				F781AD8D2893508E002993E7 /* tinyButtonPress.wav */,
			);
			path = AudioFX;
			sourceTree = "<group>";
		};
/* End PBXGroup section */

/* Begin PBXNativeTarget section */
		F71193852890C5EF00BC1DAA /* CardMatchingGame */ = {
			isa = PBXNativeTarget;
			buildConfigurationList = F711939A2890C5F000BC1DAA /* Build configuration list for PBXNativeTarget "CardMatchingGame" */;
			buildPhases = (
				F71193822890C5EF00BC1DAA /* Sources */,
				F71193832890C5EF00BC1DAA /* Frameworks */,
				F71193842890C5EF00BC1DAA /* Resources */,
			);
			buildRules = (
			);
			dependencies = (
			);
			name = CardMatchingGame;
			productName = CardMatchingGame;
			productReference = F71193862890C5EF00BC1DAA /* CardMatchingGame.app */;
			productType = "com.apple.product-type.application";
		};
/* End PBXNativeTarget section */

/* Begin PBXProject section */
		F711937E2890C5EF00BC1DAA /* Project object */ = {
			isa = PBXProject;
			attributes = {
				BuildIndependentTargetsInParallel = 1;
				LastSwiftUpdateCheck = 1340;
				LastUpgradeCheck = 1340;
				TargetAttributes = {
					F71193852890C5EF00BC1DAA = {
						CreatedOnToolsVersion = 13.4;
					};
				};
			};
			buildConfigurationList = F71193812890C5EF00BC1DAA /* Build configuration list for PBXProject "CardMatchingGame" */;
			compatibilityVersion = "Xcode 13.0";
			developmentRegion = en;
			hasScannedForEncodings = 0;
			knownRegions = (
				en,
				Base,
			);
			mainGroup = F711937D2890C5EF00BC1DAA;
			productRefGroup = F71193872890C5EF00BC1DAA /* Products */;
			projectDirPath = "";
			projectRoot = "";
			targets = (
				F71193852890C5EF00BC1DAA /* CardMatchingGame */,
			);
		};
/* End PBXProject section */

/* Begin PBXResourcesBuildPhase section */
		F71193842890C5EF00BC1DAA /* Resources */ = {
			isa = PBXResourcesBuildPhase;
			buildActionMask = 2147483647;
			files = (
				F781AD8E2893508E002993E7 /* tinyButtonPress.wav in Resources */,
				F781AD8A28934FBA002993E7 /* matchIgnite.wav in Resources */,
				F781AD8028931C40002993E7 /* match.wav in Resources */,
				F71193962890C5F000BC1DAA /* LaunchScreen.storyboard in Resources */,
				F71193932890C5F000BC1DAA /* Assets.xcassets in Resources */,
				F7EDF98928A636D2009CA17B /* Ceremonial.mp3 in Resources */,
				F781AD8728934D67002993E7 /* flip2.wav in Resources */,
				F781AD8528931CC5002993E7 /* flip1.wav in Resources */,
				F774F5BB289D0C14006D5AF5 /* spark.sks in Resources */,
				F781AD7E28931C40002993E7 /* gameOver.wav in Resources */,
				F781AD8128931C40002993E7 /* creepy.mp3 in Resources */,
				F781AD7F28931C40002993E7 /* victory.wav in Resources */,
				F71193912890C5EF00BC1DAA /* Main.storyboard in Resources */,
				F7EDF98828A636D2009CA17B /* Snowfall.mp3 in Resources */,
				F781AD8C28935088002993E7 /* buttonPress.wav in Resources */,
			);
			runOnlyForDeploymentPostprocessing = 0;
		};
/* End PBXResourcesBuildPhase section */

/* Begin PBXSourcesBuildPhase section */
		F71193822890C5EF00BC1DAA /* Sources */ = {
			isa = PBXSourcesBuildPhase;
			buildActionMask = 2147483647;
			files = (
				F760AF6D289C7CE8007ABE11 /* Properties.swift in Sources */,
				F760AF6B289C6EA2007ABE11 /* UserInterface.swift in Sources */,
				F781AD7828931921002993E7 /* AudioFX.swift in Sources */,
				F711938E2890C5EF00BC1DAA /* ViewController.swift in Sources */,
				F711939E28910ECE00BC1DAA /* Extensions.swift in Sources */,
				F711938A2890C5EF00BC1DAA /* AppDelegate.swift in Sources */,
				F7EDF98328A634D2009CA17B /* HapticsManager.swift in Sources */,
				F774F5B9289D09C7006D5AF5 /* ParticleScene.swift in Sources */,
				F711BF29289238C300C3E0E8 /* MenuController.swift in Sources */,
				F711938C2890C5EF00BC1DAA /* SceneDelegate.swift in Sources */,
				F7E5352A289F6AE10019B770 /* MenuInterface.swift in Sources */,
				F79BF3C7289F1EDC00A8C51F /* Keys.swift in Sources */,
			);
			runOnlyForDeploymentPostprocessing = 0;
		};
/* End PBXSourcesBuildPhase section */

/* Begin PBXVariantGroup section */
		F711938F2890C5EF00BC1DAA /* Main.storyboard */ = {
			isa = PBXVariantGroup;
			children = (
				F71193902890C5EF00BC1DAA /* Base */,
			);
			name = Main.storyboard;
			sourceTree = "<group>";
		};
		F71193942890C5F000BC1DAA /* LaunchScreen.storyboard */ = {
			isa = PBXVariantGroup;
			children = (
				F71193952890C5F000BC1DAA /* Base */,
			);
			name = LaunchScreen.storyboard;
			sourceTree = "<group>";
		};
/* End PBXVariantGroup section */

/* Begin XCBuildConfiguration section */
		F71193982890C5F000BC1DAA /* Debug */ = {
			isa = XCBuildConfiguration;
			buildSettings = {
				ALWAYS_SEARCH_USER_PATHS = NO;
				CLANG_ANALYZER_NONNULL = YES;
				CLANG_ANALYZER_NUMBER_OBJECT_CONVERSION = YES_AGGRESSIVE;
				CLANG_CXX_LANGUAGE_STANDARD = "gnu++17";
				CLANG_ENABLE_MODULES = YES;
				CLANG_ENABLE_OBJC_ARC = YES;
				CLANG_ENABLE_OBJC_WEAK = YES;
				CLANG_WARN_BLOCK_CAPTURE_AUTORELEASING = YES;
				CLANG_WARN_BOOL_CONVERSION = YES;
				CLANG_WARN_COMMA = YES;
				CLANG_WARN_CONSTANT_CONVERSION = YES;
				CLANG_WARN_DEPRECATED_OBJC_IMPLEMENTATIONS = YES;
				CLANG_WARN_DIRECT_OBJC_ISA_USAGE = YES_ERROR;
				CLANG_WARN_DOCUMENTATION_COMMENTS = YES;
				CLANG_WARN_EMPTY_BODY = YES;
				CLANG_WARN_ENUM_CONVERSION = YES;
				CLANG_WARN_INFINITE_RECURSION = YES;
				CLANG_WARN_INT_CONVERSION = YES;
				CLANG_WARN_NON_LITERAL_NULL_CONVERSION = YES;
				CLANG_WARN_OBJC_IMPLICIT_RETAIN_SELF = YES;
				CLANG_WARN_OBJC_LITERAL_CONVERSION = YES;
				CLANG_WARN_OBJC_ROOT_CLASS = YES_ERROR;
				CLANG_WARN_QUOTED_INCLUDE_IN_FRAMEWORK_HEADER = YES;
				CLANG_WARN_RANGE_LOOP_ANALYSIS = YES;
				CLANG_WARN_STRICT_PROTOTYPES = YES;
				CLANG_WARN_SUSPICIOUS_MOVE = YES;
				CLANG_WARN_UNGUARDED_AVAILABILITY = YES_AGGRESSIVE;
				CLANG_WARN_UNREACHABLE_CODE = YES;
				CLANG_WARN__DUPLICATE_METHOD_MATCH = YES;
				COPY_PHASE_STRIP = NO;
				DEBUG_INFORMATION_FORMAT = dwarf;
				ENABLE_STRICT_OBJC_MSGSEND = YES;
				ENABLE_TESTABILITY = YES;
				GCC_C_LANGUAGE_STANDARD = gnu11;
				GCC_DYNAMIC_NO_PIC = NO;
				GCC_NO_COMMON_BLOCKS = YES;
				GCC_OPTIMIZATION_LEVEL = 0;
				GCC_PREPROCESSOR_DEFINITIONS = (
					"DEBUG=1",
					"$(inherited)",
				);
				GCC_WARN_64_TO_32_BIT_CONVERSION = YES;
				GCC_WARN_ABOUT_RETURN_TYPE = YES_ERROR;
				GCC_WARN_UNDECLARED_SELECTOR = YES;
				GCC_WARN_UNINITIALIZED_AUTOS = YES_AGGRESSIVE;
				GCC_WARN_UNUSED_FUNCTION = YES;
				GCC_WARN_UNUSED_VARIABLE = YES;
				IPHONEOS_DEPLOYMENT_TARGET = 15.5;
				MTL_ENABLE_DEBUG_INFO = INCLUDE_SOURCE;
				MTL_FAST_MATH = YES;
				ONLY_ACTIVE_ARCH = YES;
				SDKROOT = iphoneos;
				SWIFT_ACTIVE_COMPILATION_CONDITIONS = DEBUG;
				SWIFT_OPTIMIZATION_LEVEL = "-Onone";
			};
			name = Debug;
		};
		F71193992890C5F000BC1DAA /* Release */ = {
			isa = XCBuildConfiguration;
			buildSettings = {
				ALWAYS_SEARCH_USER_PATHS = NO;
				CLANG_ANALYZER_NONNULL = YES;
				CLANG_ANALYZER_NUMBER_OBJECT_CONVERSION = YES_AGGRESSIVE;
				CLANG_CXX_LANGUAGE_STANDARD = "gnu++17";
				CLANG_ENABLE_MODULES = YES;
				CLANG_ENABLE_OBJC_ARC = YES;
				CLANG_ENABLE_OBJC_WEAK = YES;
				CLANG_WARN_BLOCK_CAPTURE_AUTORELEASING = YES;
				CLANG_WARN_BOOL_CONVERSION = YES;
				CLANG_WARN_COMMA = YES;
				CLANG_WARN_CONSTANT_CONVERSION = YES;
				CLANG_WARN_DEPRECATED_OBJC_IMPLEMENTATIONS = YES;
				CLANG_WARN_DIRECT_OBJC_ISA_USAGE = YES_ERROR;
				CLANG_WARN_DOCUMENTATION_COMMENTS = YES;
				CLANG_WARN_EMPTY_BODY = YES;
				CLANG_WARN_ENUM_CONVERSION = YES;
				CLANG_WARN_INFINITE_RECURSION = YES;
				CLANG_WARN_INT_CONVERSION = YES;
				CLANG_WARN_NON_LITERAL_NULL_CONVERSION = YES;
				CLANG_WARN_OBJC_IMPLICIT_RETAIN_SELF = YES;
				CLANG_WARN_OBJC_LITERAL_CONVERSION = YES;
				CLANG_WARN_OBJC_ROOT_CLASS = YES_ERROR;
				CLANG_WARN_QUOTED_INCLUDE_IN_FRAMEWORK_HEADER = YES;
				CLANG_WARN_RANGE_LOOP_ANALYSIS = YES;
				CLANG_WARN_STRICT_PROTOTYPES = YES;
				CLANG_WARN_SUSPICIOUS_MOVE = YES;
				CLANG_WARN_UNGUARDED_AVAILABILITY = YES_AGGRESSIVE;
				CLANG_WARN_UNREACHABLE_CODE = YES;
				CLANG_WARN__DUPLICATE_METHOD_MATCH = YES;
				COPY_PHASE_STRIP = NO;
				DEBUG_INFORMATION_FORMAT = "dwarf-with-dsym";
				ENABLE_NS_ASSERTIONS = NO;
				ENABLE_STRICT_OBJC_MSGSEND = YES;
				GCC_C_LANGUAGE_STANDARD = gnu11;
				GCC_NO_COMMON_BLOCKS = YES;
				GCC_WARN_64_TO_32_BIT_CONVERSION = YES;
				GCC_WARN_ABOUT_RETURN_TYPE = YES_ERROR;
				GCC_WARN_UNDECLARED_SELECTOR = YES;
				GCC_WARN_UNINITIALIZED_AUTOS = YES_AGGRESSIVE;
				GCC_WARN_UNUSED_FUNCTION = YES;
				GCC_WARN_UNUSED_VARIABLE = YES;
				IPHONEOS_DEPLOYMENT_TARGET = 15.5;
				MTL_ENABLE_DEBUG_INFO = NO;
				MTL_FAST_MATH = YES;
				SDKROOT = iphoneos;
				SWIFT_COMPILATION_MODE = wholemodule;
				SWIFT_OPTIMIZATION_LEVEL = "-O";
				VALIDATE_PRODUCT = YES;
			};
			name = Release;
		};
		F711939B2890C5F000BC1DAA /* Debug */ = {
			isa = XCBuildConfiguration;
			buildSettings = {
				ASSETCATALOG_COMPILER_APPICON_NAME = AppIcon;
				ASSETCATALOG_COMPILER_GLOBAL_ACCENT_COLOR_NAME = AccentColor;
				CODE_SIGN_STYLE = Automatic;
				CURRENT_PROJECT_VERSION = 1;
				DEVELOPMENT_TEAM = 53V48VAMPV;
				GENERATE_INFOPLIST_FILE = YES;
				INFOPLIST_FILE = CardMatchingGame/Info.plist;
				INFOPLIST_KEY_CFBundleDisplayName = "Card Match";
				INFOPLIST_KEY_UIApplicationSupportsIndirectInputEvents = YES;
				INFOPLIST_KEY_UILaunchStoryboardName = LaunchScreen;
				INFOPLIST_KEY_UIMainStoryboardFile = Main;
				INFOPLIST_KEY_UISupportedInterfaceOrientations = "UIInterfaceOrientationPortraitUpsideDown UIInterfaceOrientationPortrait";
				INFOPLIST_KEY_UISupportedInterfaceOrientations_iPad = "UIInterfaceOrientationPortrait UIInterfaceOrientationPortraitUpsideDown UIInterfaceOrientationLandscapeLeft UIInterfaceOrientationLandscapeRight";
				INFOPLIST_KEY_UISupportedInterfaceOrientations_iPhone = UIInterfaceOrientationPortrait;
				IPHONEOS_DEPLOYMENT_TARGET = 14.3;
				LD_RUNPATH_SEARCH_PATHS = (
					"$(inherited)",
					"@executable_path/Frameworks",
				);
				MARKETING_VERSION = 1.0;
				PRODUCT_BUNDLE_IDENTIFIER = com.vladimirkratinov.CardMatchingGame;
				PRODUCT_NAME = "$(TARGET_NAME)";
				SWIFT_EMIT_LOC_STRINGS = YES;
				SWIFT_VERSION = 5.0;
				TARGETED_DEVICE_FAMILY = 1;
			};
			name = Debug;
		};
		F711939C2890C5F000BC1DAA /* Release */ = {
			isa = XCBuildConfiguration;
			buildSettings = {
				ASSETCATALOG_COMPILER_APPICON_NAME = AppIcon;
				ASSETCATALOG_COMPILER_GLOBAL_ACCENT_COLOR_NAME = AccentColor;
				CODE_SIGN_STYLE = Automatic;
				CURRENT_PROJECT_VERSION = 1;
				DEVELOPMENT_TEAM = 53V48VAMPV;
				GENERATE_INFOPLIST_FILE = YES;
				INFOPLIST_FILE = CardMatchingGame/Info.plist;
				INFOPLIST_KEY_CFBundleDisplayName = "Card Match";
				INFOPLIST_KEY_UIApplicationSupportsIndirectInputEvents = YES;
				INFOPLIST_KEY_UILaunchStoryboardName = LaunchScreen;
				INFOPLIST_KEY_UIMainStoryboardFile = Main;
				INFOPLIST_KEY_UISupportedInterfaceOrientations = "UIInterfaceOrientationPortraitUpsideDown UIInterfaceOrientationPortrait";
				INFOPLIST_KEY_UISupportedInterfaceOrientations_iPad = "UIInterfaceOrientationPortrait UIInterfaceOrientationPortraitUpsideDown UIInterfaceOrientationLandscapeLeft UIInterfaceOrientationLandscapeRight";
				INFOPLIST_KEY_UISupportedInterfaceOrientations_iPhone = UIInterfaceOrientationPortrait;
				IPHONEOS_DEPLOYMENT_TARGET = 14.3;
				LD_RUNPATH_SEARCH_PATHS = (
					"$(inherited)",
					"@executable_path/Frameworks",
				);
				MARKETING_VERSION = 1.0;
				PRODUCT_BUNDLE_IDENTIFIER = com.vladimirkratinov.CardMatchingGame;
				PRODUCT_NAME = "$(TARGET_NAME)";
				SWIFT_EMIT_LOC_STRINGS = YES;
				SWIFT_VERSION = 5.0;
				TARGETED_DEVICE_FAMILY = 1;
			};
			name = Release;
		};
/* End XCBuildConfiguration section */

/* Begin XCConfigurationList section */
		F71193812890C5EF00BC1DAA /* Build configuration list for PBXProject "CardMatchingGame" */ = {
			isa = XCConfigurationList;
			buildConfigurations = (
				F71193982890C5F000BC1DAA /* Debug */,
				F71193992890C5F000BC1DAA /* Release */,
			);
			defaultConfigurationIsVisible = 0;
			defaultConfigurationName = Release;
		};
		F711939A2890C5F000BC1DAA /* Build configuration list for PBXNativeTarget "CardMatchingGame" */ = {
			isa = XCConfigurationList;
			buildConfigurations = (
				F711939B2890C5F000BC1DAA /* Debug */,
				F711939C2890C5F000BC1DAA /* Release */,
			);
			defaultConfigurationIsVisible = 0;
			defaultConfigurationName = Release;
		};
/* End XCConfigurationList section */
	};
	rootObject = F711937E2890C5EF00BC1DAA /* Project object */;
}
